// !$*UTF8*$!
{
	archiveVersion = 1;
	classes = {
	};
	objectVersion = 55;
	objects = {

/* Begin PBXBuildFile section */
		AA2FCED3280F5D1F004B7A22 /* DetailsViewController.swift in Sources */ = {isa = PBXBuildFile; fileRef = AA2FCED2280F5D1F004B7A22 /* DetailsViewController.swift */; };
		AA2FCED6280F67D6004B7A22 /* FavoriteArticlesViewController.swift in Sources */ = {isa = PBXBuildFile; fileRef = AA2FCED5280F67D6004B7A22 /* FavoriteArticlesViewController.swift */; };
		AADF78DB280D79F8002E2F13 /* AppDelegate.swift in Sources */ = {isa = PBXBuildFile; fileRef = AADF78DA280D79F8002E2F13 /* AppDelegate.swift */; };
		AADF78DD280D79F8002E2F13 /* SceneDelegate.swift in Sources */ = {isa = PBXBuildFile; fileRef = AADF78DC280D79F8002E2F13 /* SceneDelegate.swift */; };
		AADF78DF280D79F8002E2F13 /* CategoryViewController.swift in Sources */ = {isa = PBXBuildFile; fileRef = AADF78DE280D79F8002E2F13 /* CategoryViewController.swift */; };
		AADF78E2280D79F8002E2F13 /* Main.storyboard in Resources */ = {isa = PBXBuildFile; fileRef = AADF78E0280D79F8002E2F13 /* Main.storyboard */; };
		AADF78E4280D79F9002E2F13 /* Assets.xcassets in Resources */ = {isa = PBXBuildFile; fileRef = AADF78E3280D79F9002E2F13 /* Assets.xcassets */; };
		AADF78E7280D79FA002E2F13 /* LaunchScreen.storyboard in Resources */ = {isa = PBXBuildFile; fileRef = AADF78E5280D79F9002E2F13 /* LaunchScreen.storyboard */; };
		AADF78F5280ECF8F002E2F13 /* CategoryTableViewCell.swift in Sources */ = {isa = PBXBuildFile; fileRef = AADF78F4280ECF8F002E2F13 /* CategoryTableViewCell.swift */; };
		AADF78F7280ECFB5002E2F13 /* Constants.swift in Sources */ = {isa = PBXBuildFile; fileRef = AADF78F6280ECFB5002E2F13 /* Constants.swift */; };
		AADF78F9280ED286002E2F13 /* ArticlesViewController.swift in Sources */ = {isa = PBXBuildFile; fileRef = AADF78F8280ED286002E2F13 /* ArticlesViewController.swift */; };
		AADF78FB280ED476002E2F13 /* ArticlesTableViewCell.swift in Sources */ = {isa = PBXBuildFile; fileRef = AADF78FA280ED476002E2F13 /* ArticlesTableViewCell.swift */; };
		AADF78FD280ED66D002E2F13 /* NYTimesService.swift in Sources */ = {isa = PBXBuildFile; fileRef = AADF78FC280ED66D002E2F13 /* NYTimesService.swift */; };
		AADF78FF280ED67C002E2F13 /* NYTimesResponse.swift in Sources */ = {isa = PBXBuildFile; fileRef = AADF78FE280ED67C002E2F13 /* NYTimesResponse.swift */; };
		AADF7901280ED6B3002E2F13 /* NYTimesService + Constants.swift in Sources */ = {isa = PBXBuildFile; fileRef = AADF7900280ED6B3002E2F13 /* NYTimesService + Constants.swift */; };
/* End PBXBuildFile section */

/* Begin PBXFileReference section */
		AA2FCED2280F5D1F004B7A22 /* DetailsViewController.swift */ = {isa = PBXFileReference; lastKnownFileType = sourcecode.swift; path = DetailsViewController.swift; sourceTree = "<group>"; };
		AA2FCED5280F67D6004B7A22 /* FavoriteArticlesViewController.swift */ = {isa = PBXFileReference; lastKnownFileType = sourcecode.swift; path = FavoriteArticlesViewController.swift; sourceTree = "<group>"; };
		AADF78D7280D79F8002E2F13 /* Last-Udacity-Project.app */ = {isa = PBXFileReference; explicitFileType = wrapper.application; includeInIndex = 0; path = "Last-Udacity-Project.app"; sourceTree = BUILT_PRODUCTS_DIR; };
		AADF78DA280D79F8002E2F13 /* AppDelegate.swift */ = {isa = PBXFileReference; lastKnownFileType = sourcecode.swift; path = AppDelegate.swift; sourceTree = "<group>"; };
		AADF78DC280D79F8002E2F13 /* SceneDelegate.swift */ = {isa = PBXFileReference; lastKnownFileType = sourcecode.swift; path = SceneDelegate.swift; sourceTree = "<group>"; };
		AADF78DE280D79F8002E2F13 /* CategoryViewController.swift */ = {isa = PBXFileReference; lastKnownFileType = sourcecode.swift; path = CategoryViewController.swift; sourceTree = "<group>"; };
		AADF78E1280D79F8002E2F13 /* Base */ = {isa = PBXFileReference; lastKnownFileType = file.storyboard; name = Base; path = Base.lproj/Main.storyboard; sourceTree = "<group>"; };
		AADF78E3280D79F9002E2F13 /* Assets.xcassets */ = {isa = PBXFileReference; lastKnownFileType = folder.assetcatalog; path = Assets.xcassets; sourceTree = "<group>"; };
		AADF78E6280D79FA002E2F13 /* Base */ = {isa = PBXFileReference; lastKnownFileType = file.storyboard; name = Base; path = Base.lproj/LaunchScreen.storyboard; sourceTree = "<group>"; };
		AADF78E8280D79FA002E2F13 /* Info.plist */ = {isa = PBXFileReference; lastKnownFileType = text.plist.xml; path = Info.plist; sourceTree = "<group>"; };
		AADF78F4280ECF8F002E2F13 /* CategoryTableViewCell.swift */ = {isa = PBXFileReference; lastKnownFileType = sourcecode.swift; path = CategoryTableViewCell.swift; sourceTree = "<group>"; };
		AADF78F6280ECFB5002E2F13 /* Constants.swift */ = {isa = PBXFileReference; lastKnownFileType = sourcecode.swift; path = Constants.swift; sourceTree = "<group>"; };
		AADF78F8280ED286002E2F13 /* ArticlesViewController.swift */ = {isa = PBXFileReference; lastKnownFileType = sourcecode.swift; path = ArticlesViewController.swift; sourceTree = "<group>"; };
		AADF78FA280ED476002E2F13 /* ArticlesTableViewCell.swift */ = {isa = PBXFileReference; lastKnownFileType = sourcecode.swift; path = ArticlesTableViewCell.swift; sourceTree = "<group>"; };
		AADF78FC280ED66D002E2F13 /* NYTimesService.swift */ = {isa = PBXFileReference; lastKnownFileType = sourcecode.swift; path = NYTimesService.swift; sourceTree = "<group>"; };
		AADF78FE280ED67C002E2F13 /* NYTimesResponse.swift */ = {isa = PBXFileReference; lastKnownFileType = sourcecode.swift; path = NYTimesResponse.swift; sourceTree = "<group>"; };
		AADF7900280ED6B3002E2F13 /* NYTimesService + Constants.swift */ = {isa = PBXFileReference; lastKnownFileType = sourcecode.swift; path = "NYTimesService + Constants.swift"; sourceTree = "<group>"; };
/* End PBXFileReference section */

/* Begin PBXFrameworksBuildPhase section */
		AADF78D4280D79F8002E2F13 /* Frameworks */ = {
			isa = PBXFrameworksBuildPhase;
			buildActionMask = 2147483647;
			files = (
			);
			runOnlyForDeploymentPostprocessing = 0;
		};
/* End PBXFrameworksBuildPhase section */

/* Begin PBXGroup section */
		AA2FCED4280F67B6004B7A22 /* Favorites */ = {
			isa = PBXGroup;
			children = (
				AA2FCED5280F67D6004B7A22 /* FavoriteArticlesViewController.swift */,
			);
			path = Favorites;
			sourceTree = "<group>";
		};
		AADF78CE280D79F8002E2F13 = {
			isa = PBXGroup;
			children = (
				AADF78D9280D79F8002E2F13 /* Last-Udacity-Project */,
				AADF78D8280D79F8002E2F13 /* Products */,
			);
			sourceTree = "<group>";
		};
		AADF78D8280D79F8002E2F13 /* Products */ = {
			isa = PBXGroup;
			children = (
				AADF78D7280D79F8002E2F13 /* Last-Udacity-Project.app */,
			);
			name = Products;
			sourceTree = "<group>";
		};
		AADF78D9280D79F8002E2F13 /* Last-Udacity-Project */ = {
			isa = PBXGroup;
			children = (
				AADF78F1280ECBFA002E2F13 /* ViewController */,
				AADF78F0280D7A20002E2F13 /* Helper */,
				AADF78EF280D7A18002E2F13 /* Service */,
				AADF78EE280D7A0B002E2F13 /* Model */,
				AADF78DA280D79F8002E2F13 /* AppDelegate.swift */,
				AADF78DC280D79F8002E2F13 /* SceneDelegate.swift */,
				AADF78E0280D79F8002E2F13 /* Main.storyboard */,
				AADF78E3280D79F9002E2F13 /* Assets.xcassets */,
				AADF78E5280D79F9002E2F13 /* LaunchScreen.storyboard */,
				AADF78E8280D79FA002E2F13 /* Info.plist */,
			);
			path = "Last-Udacity-Project";
			sourceTree = "<group>";
		};
		AADF78EE280D7A0B002E2F13 /* Model */ = {
			isa = PBXGroup;
			children = (
			);
			path = Model;
			sourceTree = "<group>";
		};
		AADF78EF280D7A18002E2F13 /* Service */ = {
			isa = PBXGroup;
			children = (
				AADF78FC280ED66D002E2F13 /* NYTimesService.swift */,
				AADF78FE280ED67C002E2F13 /* NYTimesResponse.swift */,
				AADF7900280ED6B3002E2F13 /* NYTimesService + Constants.swift */,
			);
			path = Service;
			sourceTree = "<group>";
		};
		AADF78F0280D7A20002E2F13 /* Helper */ = {
			isa = PBXGroup;
			children = (
				AADF78F6280ECFB5002E2F13 /* Constants.swift */,
			);
			path = Helper;
			sourceTree = "<group>";
		};
		AADF78F1280ECBFA002E2F13 /* ViewController */ = {
			isa = PBXGroup;
			children = (
				AA2FCED4280F67B6004B7A22 /* Favorites */,
				AADF78F3280ECF67002E2F13 /* News */,
			);
			path = ViewController;
			sourceTree = "<group>";
		};
		AADF78F2280ECF5D002E2F13 /* Cells */ = {
			isa = PBXGroup;
			children = (
				AADF78F4280ECF8F002E2F13 /* CategoryTableViewCell.swift */,
				AADF78FA280ED476002E2F13 /* ArticlesTableViewCell.swift */,
			);
			path = Cells;
			sourceTree = "<group>";
		};
		AADF78F3280ECF67002E2F13 /* News */ = {
			isa = PBXGroup;
			children = (
				AADF78DE280D79F8002E2F13 /* CategoryViewController.swift */,
				AADF78F8280ED286002E2F13 /* ArticlesViewController.swift */,
				AA2FCED2280F5D1F004B7A22 /* DetailsViewController.swift */,
				AADF78F2280ECF5D002E2F13 /* Cells */,
			);
			name = News;
			sourceTree = "<group>";
		};
/* End PBXGroup section */

/* Begin PBXNativeTarget section */
		AADF78D6280D79F8002E2F13 /* Last-Udacity-Project */ = {
			isa = PBXNativeTarget;
			buildConfigurationList = AADF78EB280D79FA002E2F13 /* Build configuration list for PBXNativeTarget "Last-Udacity-Project" */;
			buildPhases = (
				AADF78D3280D79F8002E2F13 /* Sources */,
				AADF78D4280D79F8002E2F13 /* Frameworks */,
				AADF78D5280D79F8002E2F13 /* Resources */,
			);
			buildRules = (
			);
			dependencies = (
			);
			name = "Last-Udacity-Project";
			productName = "Last-Udacity-Project";
			productReference = AADF78D7280D79F8002E2F13 /* Last-Udacity-Project.app */;
			productType = "com.apple.product-type.application";
		};
/* End PBXNativeTarget section */

/* Begin PBXProject section */
		AADF78CF280D79F8002E2F13 /* Project object */ = {
			isa = PBXProject;
			attributes = {
				BuildIndependentTargetsInParallel = 1;
				LastSwiftUpdateCheck = 1330;
				LastUpgradeCheck = 1330;
				TargetAttributes = {
					AADF78D6280D79F8002E2F13 = {
						CreatedOnToolsVersion = 13.3;
					};
				};
			};
			buildConfigurationList = AADF78D2280D79F8002E2F13 /* Build configuration list for PBXProject "Last-Udacity-Project" */;
			compatibilityVersion = "Xcode 13.0";
			developmentRegion = en;
			hasScannedForEncodings = 0;
			knownRegions = (
				en,
				Base,
			);
			mainGroup = AADF78CE280D79F8002E2F13;
			productRefGroup = AADF78D8280D79F8002E2F13 /* Products */;
			projectDirPath = "";
			projectRoot = "";
			targets = (
				AADF78D6280D79F8002E2F13 /* Last-Udacity-Project */,
			);
		};
/* End PBXProject section */

/* Begin PBXResourcesBuildPhase section */
		AADF78D5280D79F8002E2F13 /* Resources */ = {
			isa = PBXResourcesBuildPhase;
			buildActionMask = 2147483647;
			files = (
				AADF78E7280D79FA002E2F13 /* LaunchScreen.storyboard in Resources */,
				AADF78E4280D79F9002E2F13 /* Assets.xcassets in Resources */,
				AADF78E2280D79F8002E2F13 /* Main.storyboard in Resources */,
			);
			runOnlyForDeploymentPostprocessing = 0;
		};
/* End PBXResourcesBuildPhase section */

/* Begin PBXSourcesBuildPhase section */
		AADF78D3280D79F8002E2F13 /* Sources */ = {
			isa = PBXSourcesBuildPhase;
			buildActionMask = 2147483647;
			files = (
				AADF78F7280ECFB5002E2F13 /* Constants.swift in Sources */,
				AADF78FD280ED66D002E2F13 /* NYTimesService.swift in Sources */,
				AADF78FB280ED476002E2F13 /* ArticlesTableViewCell.swift in Sources */,
				AA2FCED3280F5D1F004B7A22 /* DetailsViewController.swift in Sources */,
				AADF78DF280D79F8002E2F13 /* CategoryViewController.swift in Sources */,
				AADF78DB280D79F8002E2F13 /* AppDelegate.swift in Sources */,
				AADF78F9280ED286002E2F13 /* ArticlesViewController.swift in Sources */,
				AADF7901280ED6B3002E2F13 /* NYTimesService + Constants.swift in Sources */,
				AADF78DD280D79F8002E2F13 /* SceneDelegate.swift in Sources */,
				AA2FCED6280F67D6004B7A22 /* FavoriteArticlesViewController.swift in Sources */,
				AADF78FF280ED67C002E2F13 /* NYTimesResponse.swift in Sources */,
				AADF78F5280ECF8F002E2F13 /* CategoryTableViewCell.swift in Sources */,
			);
			runOnlyForDeploymentPostprocessing = 0;
		};
/* End PBXSourcesBuildPhase section */

/* Begin PBXVariantGroup section */
		AADF78E0280D79F8002E2F13 /* Main.storyboard */ = {
			isa = PBXVariantGroup;
			children = (
				AADF78E1280D79F8002E2F13 /* Base */,
			);
			name = Main.storyboard;
			sourceTree = "<group>";
		};
		AADF78E5280D79F9002E2F13 /* LaunchScreen.storyboard */ = {
			isa = PBXVariantGroup;
			children = (
				AADF78E6280D79FA002E2F13 /* Base */,
			);
			name = LaunchScreen.storyboard;
			sourceTree = "<group>";
		};
/* End PBXVariantGroup section */

/* Begin XCBuildConfiguration section */
		AADF78E9280D79FA002E2F13 /* Debug */ = {
			isa = XCBuildConfiguration;
			buildSettings = {
				ALWAYS_SEARCH_USER_PATHS = NO;
				CLANG_ANALYZER_NONNULL = YES;
				CLANG_ANALYZER_NUMBER_OBJECT_CONVERSION = YES_AGGRESSIVE;
				CLANG_CXX_LANGUAGE_STANDARD = "gnu++17";
				CLANG_ENABLE_MODULES = YES;
				CLANG_ENABLE_OBJC_ARC = YES;
				CLANG_ENABLE_OBJC_WEAK = YES;
				CLANG_WARN_BLOCK_CAPTURE_AUTORELEASING = YES;
				CLANG_WARN_BOOL_CONVERSION = YES;
				CLANG_WARN_COMMA = YES;
				CLANG_WARN_CONSTANT_CONVERSION = YES;
				CLANG_WARN_DEPRECATED_OBJC_IMPLEMENTATIONS = YES;
				CLANG_WARN_DIRECT_OBJC_ISA_USAGE = YES_ERROR;
				CLANG_WARN_DOCUMENTATION_COMMENTS = YES;
				CLANG_WARN_EMPTY_BODY = YES;
				CLANG_WARN_ENUM_CONVERSION = YES;
				CLANG_WARN_INFINITE_RECURSION = YES;
				CLANG_WARN_INT_CONVERSION = YES;
				CLANG_WARN_NON_LITERAL_NULL_CONVERSION = YES;
				CLANG_WARN_OBJC_IMPLICIT_RETAIN_SELF = YES;
				CLANG_WARN_OBJC_LITERAL_CONVERSION = YES;
				CLANG_WARN_OBJC_ROOT_CLASS = YES_ERROR;
				CLANG_WARN_QUOTED_INCLUDE_IN_FRAMEWORK_HEADER = YES;
				CLANG_WARN_RANGE_LOOP_ANALYSIS = YES;
				CLANG_WARN_STRICT_PROTOTYPES = YES;
				CLANG_WARN_SUSPICIOUS_MOVE = YES;
				CLANG_WARN_UNGUARDED_AVAILABILITY = YES_AGGRESSIVE;
				CLANG_WARN_UNREACHABLE_CODE = YES;
				CLANG_WARN__DUPLICATE_METHOD_MATCH = YES;
				COPY_PHASE_STRIP = NO;
				DEBUG_INFORMATION_FORMAT = dwarf;
				ENABLE_STRICT_OBJC_MSGSEND = YES;
				ENABLE_TESTABILITY = YES;
				GCC_C_LANGUAGE_STANDARD = gnu11;
				GCC_DYNAMIC_NO_PIC = NO;
				GCC_NO_COMMON_BLOCKS = YES;
				GCC_OPTIMIZATION_LEVEL = 0;
				GCC_PREPROCESSOR_DEFINITIONS = (
					"DEBUG=1",
					"$(inherited)",
				);
				GCC_WARN_64_TO_32_BIT_CONVERSION = YES;
				GCC_WARN_ABOUT_RETURN_TYPE = YES_ERROR;
				GCC_WARN_UNDECLARED_SELECTOR = YES;
				GCC_WARN_UNINITIALIZED_AUTOS = YES_AGGRESSIVE;
				GCC_WARN_UNUSED_FUNCTION = YES;
				GCC_WARN_UNUSED_VARIABLE = YES;
				IPHONEOS_DEPLOYMENT_TARGET = 15.4;
				MTL_ENABLE_DEBUG_INFO = INCLUDE_SOURCE;
				MTL_FAST_MATH = YES;
				ONLY_ACTIVE_ARCH = YES;
				SDKROOT = iphoneos;
				SWIFT_ACTIVE_COMPILATION_CONDITIONS = DEBUG;
				SWIFT_OPTIMIZATION_LEVEL = "-Onone";
			};
			name = Debug;
		};
		AADF78EA280D79FA002E2F13 /* Release */ = {
			isa = XCBuildConfiguration;
			buildSettings = {
				ALWAYS_SEARCH_USER_PATHS = NO;
				CLANG_ANALYZER_NONNULL = YES;
				CLANG_ANALYZER_NUMBER_OBJECT_CONVERSION = YES_AGGRESSIVE;
				CLANG_CXX_LANGUAGE_STANDARD = "gnu++17";
				CLANG_ENABLE_MODULES = YES;
				CLANG_ENABLE_OBJC_ARC = YES;
				CLANG_ENABLE_OBJC_WEAK = YES;
				CLANG_WARN_BLOCK_CAPTURE_AUTORELEASING = YES;
				CLANG_WARN_BOOL_CONVERSION = YES;
				CLANG_WARN_COMMA = YES;
				CLANG_WARN_CONSTANT_CONVERSION = YES;
				CLANG_WARN_DEPRECATED_OBJC_IMPLEMENTATIONS = YES;
				CLANG_WARN_DIRECT_OBJC_ISA_USAGE = YES_ERROR;
				CLANG_WARN_DOCUMENTATION_COMMENTS = YES;
				CLANG_WARN_EMPTY_BODY = YES;
				CLANG_WARN_ENUM_CONVERSION = YES;
				CLANG_WARN_INFINITE_RECURSION = YES;
				CLANG_WARN_INT_CONVERSION = YES;
				CLANG_WARN_NON_LITERAL_NULL_CONVERSION = YES;
				CLANG_WARN_OBJC_IMPLICIT_RETAIN_SELF = YES;
				CLANG_WARN_OBJC_LITERAL_CONVERSION = YES;
				CLANG_WARN_OBJC_ROOT_CLASS = YES_ERROR;
				CLANG_WARN_QUOTED_INCLUDE_IN_FRAMEWORK_HEADER = YES;
				CLANG_WARN_RANGE_LOOP_ANALYSIS = YES;
				CLANG_WARN_STRICT_PROTOTYPES = YES;
				CLANG_WARN_SUSPICIOUS_MOVE = YES;
				CLANG_WARN_UNGUARDED_AVAILABILITY = YES_AGGRESSIVE;
				CLANG_WARN_UNREACHABLE_CODE = YES;
				CLANG_WARN__DUPLICATE_METHOD_MATCH = YES;
				COPY_PHASE_STRIP = NO;
				DEBUG_INFORMATION_FORMAT = "dwarf-with-dsym";
				ENABLE_NS_ASSERTIONS = NO;
				ENABLE_STRICT_OBJC_MSGSEND = YES;
				GCC_C_LANGUAGE_STANDARD = gnu11;
				GCC_NO_COMMON_BLOCKS = YES;
				GCC_WARN_64_TO_32_BIT_CONVERSION = YES;
				GCC_WARN_ABOUT_RETURN_TYPE = YES_ERROR;
				GCC_WARN_UNDECLARED_SELECTOR = YES;
				GCC_WARN_UNINITIALIZED_AUTOS = YES_AGGRESSIVE;
				GCC_WARN_UNUSED_FUNCTION = YES;
				GCC_WARN_UNUSED_VARIABLE = YES;
				IPHONEOS_DEPLOYMENT_TARGET = 15.4;
				MTL_ENABLE_DEBUG_INFO = NO;
				MTL_FAST_MATH = YES;
				SDKROOT = iphoneos;
				SWIFT_COMPILATION_MODE = wholemodule;
				SWIFT_OPTIMIZATION_LEVEL = "-O";
				VALIDATE_PRODUCT = YES;
			};
			name = Release;
		};
		AADF78EC280D79FA002E2F13 /* Debug */ = {
			isa = XCBuildConfiguration;
			buildSettings = {
				ASSETCATALOG_COMPILER_APPICON_NAME = AppIcon;
				ASSETCATALOG_COMPILER_GLOBAL_ACCENT_COLOR_NAME = AccentColor;
				CODE_SIGN_STYLE = Automatic;
				CURRENT_PROJECT_VERSION = 1;
				DEVELOPMENT_TEAM = 94JRR4J55A;
				GENERATE_INFOPLIST_FILE = YES;
				INFOPLIST_FILE = "Last-Udacity-Project/Info.plist";
				INFOPLIST_KEY_UIApplicationSupportsIndirectInputEvents = YES;
				INFOPLIST_KEY_UILaunchStoryboardName = LaunchScreen;
				INFOPLIST_KEY_UIMainStoryboardFile = Main;
				INFOPLIST_KEY_UISupportedInterfaceOrientations_iPad = "UIInterfaceOrientationPortrait UIInterfaceOrientationPortraitUpsideDown UIInterfaceOrientationLandscapeLeft UIInterfaceOrientationLandscapeRight";
				INFOPLIST_KEY_UISupportedInterfaceOrientations_iPhone = "UIInterfaceOrientationPortrait UIInterfaceOrientationLandscapeLeft UIInterfaceOrientationLandscapeRight";
				LD_RUNPATH_SEARCH_PATHS = (
					"$(inherited)",
					"@executable_path/Frameworks",
				);
				MARKETING_VERSION = 1.0;
				PRODUCT_BUNDLE_IDENTIFIER = "com.StefanWeiss.Last-Udacity-Project";
				PRODUCT_NAME = "$(TARGET_NAME)";
				SWIFT_EMIT_LOC_STRINGS = YES;
				SWIFT_VERSION = 5.0;
				TARGETED_DEVICE_FAMILY = "1,2";
			};
			name = Debug;
		};
		AADF78ED280D79FA002E2F13 /* Release */ = {
			isa = XCBuildConfiguration;
			buildSettings = {
				ASSETCATALOG_COMPILER_APPICON_NAME = AppIcon;
				ASSETCATALOG_COMPILER_GLOBAL_ACCENT_COLOR_NAME = AccentColor;
				CODE_SIGN_STYLE = Automatic;
				CURRENT_PROJECT_VERSION = 1;
				DEVELOPMENT_TEAM = 94JRR4J55A;
				GENERATE_INFOPLIST_FILE = YES;
				INFOPLIST_FILE = "Last-Udacity-Project/Info.plist";
				INFOPLIST_KEY_UIApplicationSupportsIndirectInputEvents = YES;
				INFOPLIST_KEY_UILaunchStoryboardName = LaunchScreen;
				INFOPLIST_KEY_UIMainStoryboardFile = Main;
				INFOPLIST_KEY_UISupportedInterfaceOrientations_iPad = "UIInterfaceOrientationPortrait UIInterfaceOrientationPortraitUpsideDown UIInterfaceOrientationLandscapeLeft UIInterfaceOrientationLandscapeRight";
				INFOPLIST_KEY_UISupportedInterfaceOrientations_iPhone = "UIInterfaceOrientationPortrait UIInterfaceOrientationLandscapeLeft UIInterfaceOrientationLandscapeRight";
				LD_RUNPATH_SEARCH_PATHS = (
					"$(inherited)",
					"@executable_path/Frameworks",
				);
				MARKETING_VERSION = 1.0;
				PRODUCT_BUNDLE_IDENTIFIER = "com.StefanWeiss.Last-Udacity-Project";
				PRODUCT_NAME = "$(TARGET_NAME)";
				SWIFT_EMIT_LOC_STRINGS = YES;
				SWIFT_VERSION = 5.0;
				TARGETED_DEVICE_FAMILY = "1,2";
			};
			name = Release;
		};
/* End XCBuildConfiguration section */

/* Begin XCConfigurationList section */
		AADF78D2280D79F8002E2F13 /* Build configuration list for PBXProject "Last-Udacity-Project" */ = {
			isa = XCConfigurationList;
			buildConfigurations = (
				AADF78E9280D79FA002E2F13 /* Debug */,
				AADF78EA280D79FA002E2F13 /* Release */,
			);
			defaultConfigurationIsVisible = 0;
			defaultConfigurationName = Release;
		};
		AADF78EB280D79FA002E2F13 /* Build configuration list for PBXNativeTarget "Last-Udacity-Project" */ = {
			isa = XCConfigurationList;
			buildConfigurations = (
				AADF78EC280D79FA002E2F13 /* Debug */,
				AADF78ED280D79FA002E2F13 /* Release */,
			);
			defaultConfigurationIsVisible = 0;
			defaultConfigurationName = Release;
		};
/* End XCConfigurationList section */
	};
	rootObject = AADF78CF280D79F8002E2F13 /* Project object */;
}
